// !$*UTF8*$!
{
	archiveVersion = 1;
	classes = {
	};
	objectVersion = 56;
	objects = {

/* Begin PBXBuildFile section */
		994F1B292B002C8D00C5F2A6 /* FetchCodingChallengeApp.swift in Sources */ = {isa = PBXBuildFile; fileRef = 994F1B282B002C8D00C5F2A6 /* FetchCodingChallengeApp.swift */; };
		994F1B2B2B002C8D00C5F2A6 /* ContentView.swift in Sources */ = {isa = PBXBuildFile; fileRef = 994F1B2A2B002C8D00C5F2A6 /* ContentView.swift */; };
		994F1B2D2B002C8F00C5F2A6 /* Assets.xcassets in Resources */ = {isa = PBXBuildFile; fileRef = 994F1B2C2B002C8F00C5F2A6 /* Assets.xcassets */; };
		994F1B302B002C8F00C5F2A6 /* Preview Assets.xcassets in Resources */ = {isa = PBXBuildFile; fileRef = 994F1B2F2B002C8F00C5F2A6 /* Preview Assets.xcassets */; };
		994F1B372B002CC600C5F2A6 /* NetworkManager.swift in Sources */ = {isa = PBXBuildFile; fileRef = 994F1B362B002CC600C5F2A6 /* NetworkManager.swift */; };
		994F1B3A2B002E0200C5F2A6 /* MealModel.swift in Sources */ = {isa = PBXBuildFile; fileRef = 994F1B392B002E0200C5F2A6 /* MealModel.swift */; };
		994F1B3C2B002EA500C5F2A6 /* MealDetailsModel.swift in Sources */ = {isa = PBXBuildFile; fileRef = 994F1B3B2B002EA500C5F2A6 /* MealDetailsModel.swift */; };
		994F1B3E2B0031C600C5F2A6 /* NetworkError.swift in Sources */ = {isa = PBXBuildFile; fileRef = 994F1B3D2B0031C600C5F2A6 /* NetworkError.swift */; };
		994F1B402B0036B600C5F2A6 /* ViewModel.swift in Sources */ = {isa = PBXBuildFile; fileRef = 994F1B3F2B0036B600C5F2A6 /* ViewModel.swift */; };
		994F1B422B00633700C5F2A6 /* DetailsView.swift in Sources */ = {isa = PBXBuildFile; fileRef = 994F1B412B00633700C5F2A6 /* DetailsView.swift */; };
		994F1B442B03E1D500C5F2A6 /* LaunchView.swift in Sources */ = {isa = PBXBuildFile; fileRef = 994F1B432B03E1D500C5F2A6 /* LaunchView.swift */; };
		994F1B532B0528A500C5F2A6 /* NetworkManagerTest.swift in Sources */ = {isa = PBXBuildFile; fileRef = 994F1B522B0528A500C5F2A6 /* NetworkManagerTest.swift */; };
		994F1B552B05390400C5F2A6 /* NetworkMonitor.swift in Sources */ = {isa = PBXBuildFile; fileRef = 994F1B542B05390400C5F2A6 /* NetworkMonitor.swift */; };
		994F1B572B053DFE00C5F2A6 /* NoConnectionView.swift in Sources */ = {isa = PBXBuildFile; fileRef = 994F1B562B053DFE00C5F2A6 /* NoConnectionView.swift */; };
/* End PBXBuildFile section */

/* Begin PBXContainerItemProxy section */
		994F1B4D2B05285100C5F2A6 /* PBXContainerItemProxy */ = {
			isa = PBXContainerItemProxy;
			containerPortal = 994F1B1D2B002C8D00C5F2A6 /* Project object */;
			proxyType = 1;
			remoteGlobalIDString = 994F1B242B002C8D00C5F2A6;
			remoteInfo = FetchCodingChallenge;
		};
/* End PBXContainerItemProxy section */

/* Begin PBXFileReference section */
		994F1B252B002C8D00C5F2A6 /* FetchCodingChallenge.app */ = {isa = PBXFileReference; explicitFileType = wrapper.application; includeInIndex = 0; path = FetchCodingChallenge.app; sourceTree = BUILT_PRODUCTS_DIR; };
		994F1B282B002C8D00C5F2A6 /* FetchCodingChallengeApp.swift */ = {isa = PBXFileReference; lastKnownFileType = sourcecode.swift; path = FetchCodingChallengeApp.swift; sourceTree = "<group>"; };
		994F1B2A2B002C8D00C5F2A6 /* ContentView.swift */ = {isa = PBXFileReference; lastKnownFileType = sourcecode.swift; path = ContentView.swift; sourceTree = "<group>"; };
		994F1B2C2B002C8F00C5F2A6 /* Assets.xcassets */ = {isa = PBXFileReference; lastKnownFileType = folder.assetcatalog; path = Assets.xcassets; sourceTree = "<group>"; };
		994F1B2F2B002C8F00C5F2A6 /* Preview Assets.xcassets */ = {isa = PBXFileReference; lastKnownFileType = folder.assetcatalog; path = "Preview Assets.xcassets"; sourceTree = "<group>"; };
		994F1B362B002CC600C5F2A6 /* NetworkManager.swift */ = {isa = PBXFileReference; lastKnownFileType = sourcecode.swift; path = NetworkManager.swift; sourceTree = "<group>"; };
		994F1B392B002E0200C5F2A6 /* MealModel.swift */ = {isa = PBXFileReference; lastKnownFileType = sourcecode.swift; path = MealModel.swift; sourceTree = "<group>"; };
		994F1B3B2B002EA500C5F2A6 /* MealDetailsModel.swift */ = {isa = PBXFileReference; lastKnownFileType = sourcecode.swift; path = MealDetailsModel.swift; sourceTree = "<group>"; };
		994F1B3D2B0031C600C5F2A6 /* NetworkError.swift */ = {isa = PBXFileReference; lastKnownFileType = sourcecode.swift; path = NetworkError.swift; sourceTree = "<group>"; };
		994F1B3F2B0036B600C5F2A6 /* ViewModel.swift */ = {isa = PBXFileReference; lastKnownFileType = sourcecode.swift; path = ViewModel.swift; sourceTree = "<group>"; };
		994F1B412B00633700C5F2A6 /* DetailsView.swift */ = {isa = PBXFileReference; lastKnownFileType = sourcecode.swift; path = DetailsView.swift; sourceTree = "<group>"; };
		994F1B432B03E1D500C5F2A6 /* LaunchView.swift */ = {isa = PBXFileReference; lastKnownFileType = sourcecode.swift; path = LaunchView.swift; sourceTree = "<group>"; };
		994F1B492B05285100C5F2A6 /* FetchCodingChallengeTests.xctest */ = {isa = PBXFileReference; explicitFileType = wrapper.cfbundle; includeInIndex = 0; path = FetchCodingChallengeTests.xctest; sourceTree = BUILT_PRODUCTS_DIR; };
		994F1B522B0528A500C5F2A6 /* NetworkManagerTest.swift */ = {isa = PBXFileReference; lastKnownFileType = sourcecode.swift; path = NetworkManagerTest.swift; sourceTree = "<group>"; };
		994F1B542B05390400C5F2A6 /* NetworkMonitor.swift */ = {isa = PBXFileReference; lastKnownFileType = sourcecode.swift; path = NetworkMonitor.swift; sourceTree = "<group>"; };
		994F1B562B053DFE00C5F2A6 /* NoConnectionView.swift */ = {isa = PBXFileReference; lastKnownFileType = sourcecode.swift; path = NoConnectionView.swift; sourceTree = "<group>"; };
/* End PBXFileReference section */

/* Begin PBXFrameworksBuildPhase section */
		994F1B222B002C8D00C5F2A6 /* Frameworks */ = {
			isa = PBXFrameworksBuildPhase;
			buildActionMask = 2147483647;
			files = (
			);
			runOnlyForDeploymentPostprocessing = 0;
		};
		994F1B462B05285000C5F2A6 /* Frameworks */ = {
			isa = PBXFrameworksBuildPhase;
			buildActionMask = 2147483647;
			files = (
			);
			runOnlyForDeploymentPostprocessing = 0;
		};
/* End PBXFrameworksBuildPhase section */

/* Begin PBXGroup section */
		994F1B1C2B002C8C00C5F2A6 = {
			isa = PBXGroup;
			children = (
				994F1B272B002C8D00C5F2A6 /* FetchCodingChallenge */,
				994F1B4A2B05285100C5F2A6 /* FetchCodingChallengeTests */,
				994F1B262B002C8D00C5F2A6 /* Products */,
			);
			sourceTree = "<group>";
		};
		994F1B262B002C8D00C5F2A6 /* Products */ = {
			isa = PBXGroup;
			children = (
				994F1B252B002C8D00C5F2A6 /* FetchCodingChallenge.app */,
				994F1B492B05285100C5F2A6 /* FetchCodingChallengeTests.xctest */,
			);
			name = Products;
			sourceTree = "<group>";
		};
		994F1B272B002C8D00C5F2A6 /* FetchCodingChallenge */ = {
			isa = PBXGroup;
			children = (
				994F1B382B002CD500C5F2A6 /* NetworkManager */,
				994F1B282B002C8D00C5F2A6 /* FetchCodingChallengeApp.swift */,
				994F1B562B053DFE00C5F2A6 /* NoConnectionView.swift */,
				994F1B2A2B002C8D00C5F2A6 /* ContentView.swift */,
				994F1B432B03E1D500C5F2A6 /* LaunchView.swift */,
				994F1B412B00633700C5F2A6 /* DetailsView.swift */,
				994F1B2C2B002C8F00C5F2A6 /* Assets.xcassets */,
				994F1B2E2B002C8F00C5F2A6 /* Preview Content */,
			);
			path = FetchCodingChallenge;
			sourceTree = "<group>";
		};
		994F1B2E2B002C8F00C5F2A6 /* Preview Content */ = {
			isa = PBXGroup;
			children = (
				994F1B2F2B002C8F00C5F2A6 /* Preview Assets.xcassets */,
			);
			path = "Preview Content";
			sourceTree = "<group>";
		};
		994F1B382B002CD500C5F2A6 /* NetworkManager */ = {
			isa = PBXGroup;
			children = (
				994F1B362B002CC600C5F2A6 /* NetworkManager.swift */,
				994F1B3F2B0036B600C5F2A6 /* ViewModel.swift */,
				994F1B3D2B0031C600C5F2A6 /* NetworkError.swift */,
				994F1B392B002E0200C5F2A6 /* MealModel.swift */,
				994F1B3B2B002EA500C5F2A6 /* MealDetailsModel.swift */,
				994F1B542B05390400C5F2A6 /* NetworkMonitor.swift */,
			);
			path = NetworkManager;
			sourceTree = "<group>";
		};
		994F1B4A2B05285100C5F2A6 /* FetchCodingChallengeTests */ = {
			isa = PBXGroup;
			children = (
				994F1B522B0528A500C5F2A6 /* NetworkManagerTest.swift */,
			);
			path = FetchCodingChallengeTests;
			sourceTree = "<group>";
		};
/* End PBXGroup section */

/* Begin PBXNativeTarget section */
		994F1B242B002C8D00C5F2A6 /* FetchCodingChallenge */ = {
			isa = PBXNativeTarget;
			buildConfigurationList = 994F1B332B002C8F00C5F2A6 /* Build configuration list for PBXNativeTarget "FetchCodingChallenge" */;
			buildPhases = (
				994F1B212B002C8D00C5F2A6 /* Sources */,
				994F1B222B002C8D00C5F2A6 /* Frameworks */,
				994F1B232B002C8D00C5F2A6 /* Resources */,
			);
			buildRules = (
			);
			dependencies = (
			);
			name = FetchCodingChallenge;
			productName = FetchCodingChallenge;
			productReference = 994F1B252B002C8D00C5F2A6 /* FetchCodingChallenge.app */;
			productType = "com.apple.product-type.application";
		};
		994F1B482B05285000C5F2A6 /* FetchCodingChallengeTests */ = {
			isa = PBXNativeTarget;
			buildConfigurationList = 994F1B4F2B05285100C5F2A6 /* Build configuration list for PBXNativeTarget "FetchCodingChallengeTests" */;
			buildPhases = (
				994F1B452B05285000C5F2A6 /* Sources */,
				994F1B462B05285000C5F2A6 /* Frameworks */,
				994F1B472B05285000C5F2A6 /* Resources */,
			);
			buildRules = (
			);
			dependencies = (
				994F1B4E2B05285100C5F2A6 /* PBXTargetDependency */,
			);
			name = FetchCodingChallengeTests;
			productName = FetchCodingChallengeTests;
			productReference = 994F1B492B05285100C5F2A6 /* FetchCodingChallengeTests.xctest */;
			productType = "com.apple.product-type.bundle.unit-test";
		};
/* End PBXNativeTarget section */

/* Begin PBXProject section */
		994F1B1D2B002C8D00C5F2A6 /* Project object */ = {
			isa = PBXProject;
			attributes = {
				BuildIndependentTargetsInParallel = 1;
				LastSwiftUpdateCheck = 1430;
				LastUpgradeCheck = 1430;
				TargetAttributes = {
					994F1B242B002C8D00C5F2A6 = {
						CreatedOnToolsVersion = 14.3.1;
					};
					994F1B482B05285000C5F2A6 = {
						CreatedOnToolsVersion = 14.3.1;
						TestTargetID = 994F1B242B002C8D00C5F2A6;
					};
				};
			};
			buildConfigurationList = 994F1B202B002C8D00C5F2A6 /* Build configuration list for PBXProject "FetchCodingChallenge" */;
			compatibilityVersion = "Xcode 14.0";
			developmentRegion = en;
			hasScannedForEncodings = 0;
			knownRegions = (
				en,
				Base,
			);
			mainGroup = 994F1B1C2B002C8C00C5F2A6;
			productRefGroup = 994F1B262B002C8D00C5F2A6 /* Products */;
			projectDirPath = "";
			projectRoot = "";
			targets = (
				994F1B242B002C8D00C5F2A6 /* FetchCodingChallenge */,
				994F1B482B05285000C5F2A6 /* FetchCodingChallengeTests */,
			);
		};
/* End PBXProject section */

/* Begin PBXResourcesBuildPhase section */
		994F1B232B002C8D00C5F2A6 /* Resources */ = {
			isa = PBXResourcesBuildPhase;
			buildActionMask = 2147483647;
			files = (
				994F1B302B002C8F00C5F2A6 /* Preview Assets.xcassets in Resources */,
				994F1B2D2B002C8F00C5F2A6 /* Assets.xcassets in Resources */,
			);
			runOnlyForDeploymentPostprocessing = 0;
		};
		994F1B472B05285000C5F2A6 /* Resources */ = {
			isa = PBXResourcesBuildPhase;
			buildActionMask = 2147483647;
			files = (
			);
			runOnlyForDeploymentPostprocessing = 0;
		};
/* End PBXResourcesBuildPhase section */

/* Begin PBXSourcesBuildPhase section */
		994F1B212B002C8D00C5F2A6 /* Sources */ = {
			isa = PBXSourcesBuildPhase;
			buildActionMask = 2147483647;
			files = (
				994F1B572B053DFE00C5F2A6 /* NoConnectionView.swift in Sources */,
				994F1B442B03E1D500C5F2A6 /* LaunchView.swift in Sources */,
				994F1B372B002CC600C5F2A6 /* NetworkManager.swift in Sources */,
				994F1B2B2B002C8D00C5F2A6 /* ContentView.swift in Sources */,
				994F1B3A2B002E0200C5F2A6 /* MealModel.swift in Sources */,
				994F1B402B0036B600C5F2A6 /* ViewModel.swift in Sources */,
				994F1B3E2B0031C600C5F2A6 /* NetworkError.swift in Sources */,
				994F1B422B00633700C5F2A6 /* DetailsView.swift in Sources */,
				994F1B552B05390400C5F2A6 /* NetworkMonitor.swift in Sources */,
				994F1B3C2B002EA500C5F2A6 /* MealDetailsModel.swift in Sources */,
				994F1B292B002C8D00C5F2A6 /* FetchCodingChallengeApp.swift in Sources */,
			);
			runOnlyForDeploymentPostprocessing = 0;
		};
		994F1B452B05285000C5F2A6 /* Sources */ = {
			isa = PBXSourcesBuildPhase;
			buildActionMask = 2147483647;
			files = (
				994F1B532B0528A500C5F2A6 /* NetworkManagerTest.swift in Sources */,
			);
			runOnlyForDeploymentPostprocessing = 0;
		};
/* End PBXSourcesBuildPhase section */

/* Begin PBXTargetDependency section */
		994F1B4E2B05285100C5F2A6 /* PBXTargetDependency */ = {
			isa = PBXTargetDependency;
			target = 994F1B242B002C8D00C5F2A6 /* FetchCodingChallenge */;
			targetProxy = 994F1B4D2B05285100C5F2A6 /* PBXContainerItemProxy */;
		};
/* End PBXTargetDependency section */

/* Begin XCBuildConfiguration section */
		994F1B312B002C8F00C5F2A6 /* Debug */ = {
			isa = XCBuildConfiguration;
			buildSettings = {
				ALWAYS_SEARCH_USER_PATHS = NO;
				CLANG_ANALYZER_NONNULL = YES;
				CLANG_ANALYZER_NUMBER_OBJECT_CONVERSION = YES_AGGRESSIVE;
				CLANG_CXX_LANGUAGE_STANDARD = "gnu++20";
				CLANG_ENABLE_MODULES = YES;
				CLANG_ENABLE_OBJC_ARC = YES;
				CLANG_ENABLE_OBJC_WEAK = YES;
				CLANG_WARN_BLOCK_CAPTURE_AUTORELEASING = YES;
				CLANG_WARN_BOOL_CONVERSION = YES;
				CLANG_WARN_COMMA = YES;
				CLANG_WARN_CONSTANT_CONVERSION = YES;
				CLANG_WARN_DEPRECATED_OBJC_IMPLEMENTATIONS = YES;
				CLANG_WARN_DIRECT_OBJC_ISA_USAGE = YES_ERROR;
				CLANG_WARN_DOCUMENTATION_COMMENTS = YES;
				CLANG_WARN_EMPTY_BODY = YES;
				CLANG_WARN_ENUM_CONVERSION = YES;
				CLANG_WARN_INFINITE_RECURSION = YES;
				CLANG_WARN_INT_CONVERSION = YES;
				CLANG_WARN_NON_LITERAL_NULL_CONVERSION = YES;
				CLANG_WARN_OBJC_IMPLICIT_RETAIN_SELF = YES;
				CLANG_WARN_OBJC_LITERAL_CONVERSION = YES;
				CLANG_WARN_OBJC_ROOT_CLASS = YES_ERROR;
				CLANG_WARN_QUOTED_INCLUDE_IN_FRAMEWORK_HEADER = YES;
				CLANG_WARN_RANGE_LOOP_ANALYSIS = YES;
				CLANG_WARN_STRICT_PROTOTYPES = YES;
				CLANG_WARN_SUSPICIOUS_MOVE = YES;
				CLANG_WARN_UNGUARDED_AVAILABILITY = YES_AGGRESSIVE;
				CLANG_WARN_UNREACHABLE_CODE = YES;
				CLANG_WARN__DUPLICATE_METHOD_MATCH = YES;
				COPY_PHASE_STRIP = NO;
				DEBUG_INFORMATION_FORMAT = dwarf;
				ENABLE_STRICT_OBJC_MSGSEND = YES;
				ENABLE_TESTABILITY = YES;
				GCC_C_LANGUAGE_STANDARD = gnu11;
				GCC_DYNAMIC_NO_PIC = NO;
				GCC_NO_COMMON_BLOCKS = YES;
				GCC_OPTIMIZATION_LEVEL = 0;
				GCC_PREPROCESSOR_DEFINITIONS = (
					"DEBUG=1",
					"$(inherited)",
				);
				GCC_WARN_64_TO_32_BIT_CONVERSION = YES;
				GCC_WARN_ABOUT_RETURN_TYPE = YES_ERROR;
				GCC_WARN_UNDECLARED_SELECTOR = YES;
				GCC_WARN_UNINITIALIZED_AUTOS = YES_AGGRESSIVE;
				GCC_WARN_UNUSED_FUNCTION = YES;
				GCC_WARN_UNUSED_VARIABLE = YES;
				IPHONEOS_DEPLOYMENT_TARGET = 16.4;
				MTL_ENABLE_DEBUG_INFO = INCLUDE_SOURCE;
				MTL_FAST_MATH = YES;
				ONLY_ACTIVE_ARCH = YES;
				SDKROOT = iphoneos;
				SWIFT_ACTIVE_COMPILATION_CONDITIONS = DEBUG;
				SWIFT_OPTIMIZATION_LEVEL = "-Onone";
			};
			name = Debug;
		};
		994F1B322B002C8F00C5F2A6 /* Release */ = {
			isa = XCBuildConfiguration;
			buildSettings = {
				ALWAYS_SEARCH_USER_PATHS = NO;
				CLANG_ANALYZER_NONNULL = YES;
				CLANG_ANALYZER_NUMBER_OBJECT_CONVERSION = YES_AGGRESSIVE;
				CLANG_CXX_LANGUAGE_STANDARD = "gnu++20";
				CLANG_ENABLE_MODULES = YES;
				CLANG_ENABLE_OBJC_ARC = YES;
				CLANG_ENABLE_OBJC_WEAK = YES;
				CLANG_WARN_BLOCK_CAPTURE_AUTORELEASING = YES;
				CLANG_WARN_BOOL_CONVERSION = YES;
				CLANG_WARN_COMMA = YES;
				CLANG_WARN_CONSTANT_CONVERSION = YES;
				CLANG_WARN_DEPRECATED_OBJC_IMPLEMENTATIONS = YES;
				CLANG_WARN_DIRECT_OBJC_ISA_USAGE = YES_ERROR;
				CLANG_WARN_DOCUMENTATION_COMMENTS = YES;
				CLANG_WARN_EMPTY_BODY = YES;
				CLANG_WARN_ENUM_CONVERSION = YES;
				CLANG_WARN_INFINITE_RECURSION = YES;
				CLANG_WARN_INT_CONVERSION = YES;
				CLANG_WARN_NON_LITERAL_NULL_CONVERSION = YES;
				CLANG_WARN_OBJC_IMPLICIT_RETAIN_SELF = YES;
				CLANG_WARN_OBJC_LITERAL_CONVERSION = YES;
				CLANG_WARN_OBJC_ROOT_CLASS = YES_ERROR;
				CLANG_WARN_QUOTED_INCLUDE_IN_FRAMEWORK_HEADER = YES;
				CLANG_WARN_RANGE_LOOP_ANALYSIS = YES;
				CLANG_WARN_STRICT_PROTOTYPES = YES;
				CLANG_WARN_SUSPICIOUS_MOVE = YES;
				CLANG_WARN_UNGUARDED_AVAILABILITY = YES_AGGRESSIVE;
				CLANG_WARN_UNREACHABLE_CODE = YES;
				CLANG_WARN__DUPLICATE_METHOD_MATCH = YES;
				COPY_PHASE_STRIP = NO;
				DEBUG_INFORMATION_FORMAT = "dwarf-with-dsym";
				ENABLE_NS_ASSERTIONS = NO;
				ENABLE_STRICT_OBJC_MSGSEND = YES;
				GCC_C_LANGUAGE_STANDARD = gnu11;
				GCC_NO_COMMON_BLOCKS = YES;
				GCC_WARN_64_TO_32_BIT_CONVERSION = YES;
				GCC_WARN_ABOUT_RETURN_TYPE = YES_ERROR;
				GCC_WARN_UNDECLARED_SELECTOR = YES;
				GCC_WARN_UNINITIALIZED_AUTOS = YES_AGGRESSIVE;
				GCC_WARN_UNUSED_FUNCTION = YES;
				GCC_WARN_UNUSED_VARIABLE = YES;
				IPHONEOS_DEPLOYMENT_TARGET = 16.4;
				MTL_ENABLE_DEBUG_INFO = NO;
				MTL_FAST_MATH = YES;
				SDKROOT = iphoneos;
				SWIFT_COMPILATION_MODE = wholemodule;
				SWIFT_OPTIMIZATION_LEVEL = "-O";
				VALIDATE_PRODUCT = YES;
			};
			name = Release;
		};
		994F1B342B002C8F00C5F2A6 /* Debug */ = {
			isa = XCBuildConfiguration;
			buildSettings = {
				ASSETCATALOG_COMPILER_APPICON_NAME = AppIcon;
				ASSETCATALOG_COMPILER_GLOBAL_ACCENT_COLOR_NAME = AccentColor;
				CODE_SIGN_STYLE = Automatic;
				CURRENT_PROJECT_VERSION = 1;
				DEVELOPMENT_ASSET_PATHS = "\"FetchCodingChallenge/Preview Content\"";
				DEVELOPMENT_TEAM = DPK379U73T;
				ENABLE_PREVIEWS = YES;
				GENERATE_INFOPLIST_FILE = YES;
				INFOPLIST_KEY_UIApplicationSceneManifest_Generation = YES;
				INFOPLIST_KEY_UIApplicationSupportsIndirectInputEvents = YES;
				INFOPLIST_KEY_UILaunchScreen_Generation = YES;
				INFOPLIST_KEY_UISupportedInterfaceOrientations_iPad = "UIInterfaceOrientationPortrait UIInterfaceOrientationPortraitUpsideDown UIInterfaceOrientationLandscapeLeft UIInterfaceOrientationLandscapeRight";
				INFOPLIST_KEY_UISupportedInterfaceOrientations_iPhone = "UIInterfaceOrientationPortrait UIInterfaceOrientationLandscapeLeft UIInterfaceOrientationLandscapeRight";
				LD_RUNPATH_SEARCH_PATHS = (
					"$(inherited)",
					"@executable_path/Frameworks",
				);
				MARKETING_VERSION = 1.0;
				PRODUCT_BUNDLE_IDENTIFIER = "com.brandon-suarez.FetchCodingChallenge";
				PRODUCT_NAME = "$(TARGET_NAME)";
				SUPPORTED_PLATFORMS = "iphoneos iphonesimulator";
				SUPPORTS_MACCATALYST = NO;
				SUPPORTS_MAC_DESIGNED_FOR_IPHONE_IPAD = NO;
				SWIFT_EMIT_LOC_STRINGS = YES;
				SWIFT_VERSION = 5.0;
				TARGETED_DEVICE_FAMILY = "1,2";
			};
			name = Debug;
		};
		994F1B352B002C8F00C5F2A6 /* Release */ = {
			isa = XCBuildConfiguration;
			buildSettings = {
				ASSETCATALOG_COMPILER_APPICON_NAME = AppIcon;
				ASSETCATALOG_COMPILER_GLOBAL_ACCENT_COLOR_NAME = AccentColor;
				CODE_SIGN_STYLE = Automatic;
				CURRENT_PROJECT_VERSION = 1;
				DEVELOPMENT_ASSET_PATHS = "\"FetchCodingChallenge/Preview Content\"";
				DEVELOPMENT_TEAM = DPK379U73T;
				ENABLE_PREVIEWS = YES;
				GENERATE_INFOPLIST_FILE = YES;
				INFOPLIST_KEY_UIApplicationSceneManifest_Generation = YES;
				INFOPLIST_KEY_UIApplicationSupportsIndirectInputEvents = YES;
				INFOPLIST_KEY_UILaunchScreen_Generation = YES;
				INFOPLIST_KEY_UISupportedInterfaceOrientations_iPad = "UIInterfaceOrientationPortrait UIInterfaceOrientationPortraitUpsideDown UIInterfaceOrientationLandscapeLeft UIInterfaceOrientationLandscapeRight";
				INFOPLIST_KEY_UISupportedInterfaceOrientations_iPhone = "UIInterfaceOrientationPortrait UIInterfaceOrientationLandscapeLeft UIInterfaceOrientationLandscapeRight";
				LD_RUNPATH_SEARCH_PATHS = (
					"$(inherited)",
					"@executable_path/Frameworks",
				);
				MARKETING_VERSION = 1.0;
				PRODUCT_BUNDLE_IDENTIFIER = "com.brandon-suarez.FetchCodingChallenge";
				PRODUCT_NAME = "$(TARGET_NAME)";
				SUPPORTED_PLATFORMS = "iphoneos iphonesimulator";
				SUPPORTS_MACCATALYST = NO;
				SUPPORTS_MAC_DESIGNED_FOR_IPHONE_IPAD = NO;
				SWIFT_EMIT_LOC_STRINGS = YES;
				SWIFT_VERSION = 5.0;
				TARGETED_DEVICE_FAMILY = "1,2";
			};
			name = Release;
		};
		994F1B502B05285100C5F2A6 /* Debug */ = {
			isa = XCBuildConfiguration;
			buildSettings = {
				BUNDLE_LOADER = "$(TEST_HOST)";
				CODE_SIGN_STYLE = Automatic;
				CURRENT_PROJECT_VERSION = 1;
				DEVELOPMENT_TEAM = DPK379U73T;
				GENERATE_INFOPLIST_FILE = YES;
				MARKETING_VERSION = 1.0;
				PRODUCT_BUNDLE_IDENTIFIER = "com.brandon-suarez.FetchCodingChallengeTests";
				PRODUCT_NAME = "$(TARGET_NAME)";
				SWIFT_EMIT_LOC_STRINGS = NO;
				SWIFT_VERSION = 5.0;
				TARGETED_DEVICE_FAMILY = "1,2";
				TEST_HOST = "$(BUILT_PRODUCTS_DIR)/FetchCodingChallenge.app/$(BUNDLE_EXECUTABLE_FOLDER_PATH)/FetchCodingChallenge";
			};
			name = Debug;
		};
		994F1B512B05285100C5F2A6 /* Release */ = {
			isa = XCBuildConfiguration;
			buildSettings = {
				BUNDLE_LOADER = "$(TEST_HOST)";
				CODE_SIGN_STYLE = Automatic;
				CURRENT_PROJECT_VERSION = 1;
				DEVELOPMENT_TEAM = DPK379U73T;
				GENERATE_INFOPLIST_FILE = YES;
				MARKETING_VERSION = 1.0;
				PRODUCT_BUNDLE_IDENTIFIER = "com.brandon-suarez.FetchCodingChallengeTests";
				PRODUCT_NAME = "$(TARGET_NAME)";
				SWIFT_EMIT_LOC_STRINGS = NO;
				SWIFT_VERSION = 5.0;
				TARGETED_DEVICE_FAMILY = "1,2";
				TEST_HOST = "$(BUILT_PRODUCTS_DIR)/FetchCodingChallenge.app/$(BUNDLE_EXECUTABLE_FOLDER_PATH)/FetchCodingChallenge";
			};
			name = Release;
		};
/* End XCBuildConfiguration section */

/* Begin XCConfigurationList section */
		994F1B202B002C8D00C5F2A6 /* Build configuration list for PBXProject "FetchCodingChallenge" */ = {
			isa = XCConfigurationList;
			buildConfigurations = (
				994F1B312B002C8F00C5F2A6 /* Debug */,
				994F1B322B002C8F00C5F2A6 /* Release */,
			);
			defaultConfigurationIsVisible = 0;
			defaultConfigurationName = Release;
		};
		994F1B332B002C8F00C5F2A6 /* Build configuration list for PBXNativeTarget "FetchCodingChallenge" */ = {
			isa = XCConfigurationList;
			buildConfigurations = (
				994F1B342B002C8F00C5F2A6 /* Debug */,
				994F1B352B002C8F00C5F2A6 /* Release */,
			);
			defaultConfigurationIsVisible = 0;
			defaultConfigurationName = Release;
		};
		994F1B4F2B05285100C5F2A6 /* Build configuration list for PBXNativeTarget "FetchCodingChallengeTests" */ = {
			isa = XCConfigurationList;
			buildConfigurations = (
				994F1B502B05285100C5F2A6 /* Debug */,
				994F1B512B05285100C5F2A6 /* Release */,
			);
			defaultConfigurationIsVisible = 0;
			defaultConfigurationName = Release;
		};
/* End XCConfigurationList section */
	};
	rootObject = 994F1B1D2B002C8D00C5F2A6 /* Project object */;
}
